
Microsoft Visual Studio Solution File, Format Version 12.00
# Visual Studio Version 17
VisualStudioVersion = 17.3.32811.315
MinimumVisualStudioVersion = 10.0.40219.1
Project("{FAE04EC0-301F-11D3-BF4B-00C04F79EFBC}") = "EmployeePayRollServices", "EmployeePayRollServices.csproj", "{1643DF25-A7A2-403D-BC99-A9D9705C9EC3}"
EndProject
Global
	GlobalSection(SolutionConfigurationPlatforms) = preSolution
		Debug|Any CPU = Debug|Any CPU
		Release|Any CPU = Release|Any CPU
	EndGlobalSection
	GlobalSection(ProjectConfigurationPlatforms) = postSolution
		{1643DF25-A7A2-403D-BC99-A9D9705C9EC3}.Debug|Any CPU.ActiveCfg = Debug|Any CPU
		{1643DF25-A7A2-403D-BC99-A9D9705C9EC3}.Debug|Any CPU.Build.0 = Debug|Any CPU
		{1643DF25-A7A2-403D-BC99-A9D9705C9EC3}.Release|Any CPU.ActiveCfg = Release|Any CPU
		{1643DF25-A7A2-403D-BC99-A9D9705C9EC3}.Release|Any CPU.Build.0 = Release|Any CPU
	EndGlobalSection
	GlobalSection(SolutionProperties) = preSolution
		HideSolutionNode = FALSE
	EndGlobalSection
	GlobalSection(ExtensibilityGlobals) = postSolution
		SolutionGuid = {A6E75483-A50A-48CE-8062-246874F9E38B}
	EndGlobalSection
EndGlobal
